
Microsoft Visual Studio Solution File, Format Version 12.00
# Visual Studio Version 17
VisualStudioVersion = 17.0.31903.59
MinimumVisualStudioVersion = 10.0.40219.1
Project("{2150E333-8FDC-42A3-9474-1A3956D46DE8}") = "src", "src", "{54D8E50D-02BB-4235-9028-A410827DBA06}"
EndProject
Project("{FAE04EC0-301F-11D3-BF4B-00C04F79EFBC}") = "PostService", "src\PostService\PostService.csproj", "{9BF883D5-211D-433B-8CC3-8C41A71E4E0E}"
EndProject
Global
	GlobalSection(SolutionConfigurationPlatforms) = preSolution
		Debug|Any CPU = Debug|Any CPU
		Release|Any CPU = Release|Any CPU
	EndGlobalSection
	GlobalSection(SolutionProperties) = preSolution
		HideSolutionNode = FALSE
	EndGlobalSection
	GlobalSection(ProjectConfigurationPlatforms) = postSolution
		{9BF883D5-211D-433B-8CC3-8C41A71E4E0E}.Debug|Any CPU.ActiveCfg = Debug|Any CPU
		{9BF883D5-211D-433B-8CC3-8C41A71E4E0E}.Debug|Any CPU.Build.0 = Debug|Any CPU
		{9BF883D5-211D-433B-8CC3-8C41A71E4E0E}.Release|Any CPU.ActiveCfg = Release|Any CPU
		{9BF883D5-211D-433B-8CC3-8C41A71E4E0E}.Release|Any CPU.Build.0 = Release|Any CPU
	EndGlobalSection
	GlobalSection(NestedProjects) = preSolution
		{9BF883D5-211D-433B-8CC3-8C41A71E4E0E} = {54D8E50D-02BB-4235-9028-A410827DBA06}
	EndGlobalSection
EndGlobal
